
Microsoft Visual Studio Solution File, Format Version 12.00
# Visual Studio Version 16
VisualStudioVersion = 16.0.31729.503
MinimumVisualStudioVersion = 10.0.40219.1
Project("{FAE04EC0-301F-11D3-BF4B-00C04F79EFBC}") = "MIREAWiki", "MIREAWiki\MIREAWiki.csproj", "{A133CB3E-E4F3-425D-BE24-755A893C2490}"
EndProject
Global
	GlobalSection(SolutionConfigurationPlatforms) = preSolution
		Debug|Any CPU = Debug|Any CPU
		Release|Any CPU = Release|Any CPU
	EndGlobalSection
	GlobalSection(ProjectConfigurationPlatforms) = postSolution
		{A133CB3E-E4F3-425D-BE24-755A893C2490}.Debug|Any CPU.ActiveCfg = Debug|Any CPU
		{A133CB3E-E4F3-425D-BE24-755A893C2490}.Debug|Any CPU.Build.0 = Debug|Any CPU
		{A133CB3E-E4F3-425D-BE24-755A893C2490}.Release|Any CPU.ActiveCfg = Release|Any CPU
		{A133CB3E-E4F3-425D-BE24-755A893C2490}.Release|Any CPU.Build.0 = Release|Any CPU
	EndGlobalSection
	GlobalSection(SolutionProperties) = preSolution
		HideSolutionNode = FALSE
	EndGlobalSection
	GlobalSection(ExtensibilityGlobals) = postSolution
		SolutionGuid = {BDB8BB37-52A2-47F8-8B37-11880A4CCBD4}
	EndGlobalSection
EndGlobal
