
Microsoft Visual Studio Solution File, Format Version 12.00
# Visual Studio Version 16
VisualStudioVersion = 16.0.31729.503
MinimumVisualStudioVersion = 10.0.40219.1
Project("{9A19103F-16F7-4668-BE54-9A1E7A4F7556}") = "MechanicalEngineeringMIREA", "MechanicalEngineeringMIREA.csproj", "{732A8FBA-83F5-48D5-B911-AEAAE5040271}"
EndProject
Global
	GlobalSection(SolutionConfigurationPlatforms) = preSolution
		Debug|Any CPU = Debug|Any CPU
		Release|Any CPU = Release|Any CPU
	EndGlobalSection
	GlobalSection(ProjectConfigurationPlatforms) = postSolution
		{732A8FBA-83F5-48D5-B911-AEAAE5040271}.Debug|Any CPU.ActiveCfg = Debug|Any CPU
		{732A8FBA-83F5-48D5-B911-AEAAE5040271}.Debug|Any CPU.Build.0 = Debug|Any CPU
		{732A8FBA-83F5-48D5-B911-AEAAE5040271}.Release|Any CPU.ActiveCfg = Release|Any CPU
		{732A8FBA-83F5-48D5-B911-AEAAE5040271}.Release|Any CPU.Build.0 = Release|Any CPU
	EndGlobalSection
	GlobalSection(SolutionProperties) = preSolution
		HideSolutionNode = FALSE
	EndGlobalSection
	GlobalSection(ExtensibilityGlobals) = postSolution
		SolutionGuid = {C5B9772A-D4CE-419C-8817-B716888A6E7D}
	EndGlobalSection
EndGlobal
